github.com/aws/aws-sdk-go-v2 v1.24.0 h1:890+V6HCTgA57GFjbMNTMzKiXFAFLTRnNlmVY20wBLk=
github.com/aws/aws-sdk-go-v2 v1.24.0/go.mod h1:LNh45Br1YAkEKaAqvmE1m8FUx6a5b/V0oAKV7of29b4=
github.com/aws/aws-sdk-go-v2/config v1.26.1 h1:z6DqMxclFGL3Zfo/DQ9nFk7GfSrl1yazoT+xtXuCFuI=
github.com/aws/aws-sdk-go-v2/config v1.26.1/go.mod h1:NKMLCqKM17+vvGfhJL0c3ORlWdNfotlbCEA7mGTvBFQ=
github.com/aws/aws-sdk-go-v2/credentials v1.16.12 h1:v/WgB8NxprNvr5inKIiVVrXPuuTegePFLs/sHMfy9pM=
github.com/aws/aws-sdk-go-v2/credentials v1.16.12/go.mod h1:X21k0FjEJe7n38JhfuB6NwUQjhGMSWB/DiMKaFdNkFc=
github.com/aws/aws-sdk-go-v2/feature/ec2/imds v1.14.10 h1:+Pf5yvHgFkiI4BzN2XBQV5TMUJMqGMf58VW83QGAn98=
github.com/aws/aws-sdk-go-v2/feature/ec2/imds v1.14.10/go.mod h1:4R9tDFBmHLzIkAIJvh9MzPT+9C0/xDm1fVEb6b1kHtI=
github.com/aws/aws-sdk-go-v2/internal/configsources v1.2.9 h1:SkFdMDQhykZcFCyJcnbsH/jDpEFkRcJW8LoIwezSaFQ=
github.com/aws/aws-sdk-go-v2/internal/configsources v1.2.9/go.mod h1:7PR+2Lbk6W0mCNAFQwzNzviobN4lTIWtTHBIY2/g5qQ=
github.com/aws/aws-sdk-go-v2/internal/endpoints/v2 v2.5.9 h1:Kz+qF/CqOzxECnc3dDG4ORsfEBwSJnS7PBhRFiMONV4=
github.com/aws/aws-sdk-go-v2/internal/endpoints/v2 v2.5.9/go.mod h1:O08VPFANKEAFzULVMqnTkFGHndrUoB/DN9E3a6BHp0o=
github.com/aws/aws-sdk-go-v2/internal/ini v1.7.2 h1:GrSw8s0igs9BtsFnGRpJGFTqKB8Wc4OBdkbO2pFZnQE=
github.com/aws/aws-sdk-go-v2/internal/ini v1.7.2/go.mod h1:6fQQgfuGmw8Al/3M2IgIllycxV7ZW7WCdVSqfBeUiCY=
github.com/aws/aws-sdk-go-v2/service/internal/accept-encoding v1.10.4 h1:/b31bi3YVNlkzkBrm9LfpaKoaYZUxIAj4sHfOTmLfqw=
github.com/aws/aws-sdk-go-v2/service/internal/accept-encoding v1.10.4/go.mod h1:2aGXHFmbInwgP9ZfpmdIfOELL79zhdNYNmReK8qDg8U=
github.com/aws/aws-sdk-go-v2/service/internal/presigned-url v1.10.9 h1:Nf2sHxjMJe8FyF8rkW0sA8+TZPmMQnCj4hDqQ2LHSE8=
github.com/aws/aws-sdk-go-v2/service/internal/presigned-url v1.10.9/go.mod h1:idky4TER38YIjr2cADF1/ugFMKvZV7p//pvyvHPWsso=
github.com/aws/aws-sdk-go-v2/service/s3 v1.47.5 h1:MsOAFSdY5oJME0WNrSrMdPODQKQoJY9H/VPiSV33SG0=
github.com/aws/aws-sdk-go-v2/service/s3 v1.47.5/go.mod h1:vADO6Jn+Ym7x3HDAevXHgIiOe/vEsxI5xWNzHF7VRY8=
github.com/aws/aws-sdk-go-v2/service/sso v1.18.5 h1:ldSFWz9tEHAwHNmjx2Cvy1MjP5/L9kNoR0skc/wyOOM=
github.com/aws/aws-sdk-go-v2/service/sso v1.18.5/go.mod h1:SaE0cMkFpHBo9h2oTlL7rFmREMJp1SgGNMBPaVDHdMU=
github.com/aws/aws-sdk-go-v2/service/ssooidc v1.21.5 h1:2hFXrCTFmNQHRqNLv3vVvwP5tN42rrPpCQDm5TwAKWQ=
github.com/aws/aws-sdk-go-v2/service/ssooidc v1.21.5/go.mod h1:W+nd4wWBu62oFNYD3cK0LBXFZXL7QoQCKPLSIJnxJWo=
github.com/aws/aws-sdk-go-v2/service/sts v1.26.5 h1:5UYe5DolnTnhv+O3G3A6pAlwYFGrVCYEA1TgVGEqqCg=
github.com/aws/aws-sdk-go-v2/service/sts v1.26.5/go.mod h1:TkKcEeE8U8HCPm2LhRckbMkNj8MaUzY8JaYHbDj4GEA=
github.com/aws/smithy-go v1.19.0 h1:KWFKQV80DpP3vJrrA9sVAHQ5gc2z8i4EzrLhLlWXcBM=
github.com/aws/smithy-go v1.19.0/go.mod h1:NukqUGpCZIILqqiV0NIjeFh24kd/FAa4beRb6nbIUPE=
github.com/confluentinc/confluent-kafka-go/v2 v2.3.0 h1:7CKYM5GY3DQrJrQ/vp3Pqmh2v3iGBmskGuQL5lQFTKo=
github.com/confluentinc/confluent-kafka-go/v2 v2.3.0/go.mod h1:RFiWZVHDNUNkHJbSdJtXzFROpfRIhOpXf6CuLSTKa9Q=
github.com/google/uuid v1.5.0 h1:1p67kYwdontd3KpwLmjjLdrtZkBFjdLn3zR7lKPmdhs=
github.com/google/uuid v1.5.0/go.mod h1:TIyPZe4MgqvfeYDBFedMoGGpEw/LqOeaOT+nhxU+yHo=
github.com/lib/pq v1.10.9 h1:YXG7RB+JIjhP29X+OtkiDnYaXQwpS3htCVWkH2BMFNY=
github.com/lib/pq v1.10.9/go.mod h1:AlVN5x4E4T544tWzH6hKfbfQvm3HdbOxrmggDmAdpxY=
